<?xml version="1.0" encoding="utf-8"?>
<Project ToolsVersion="4.0" xmlns="http://schemas.microsoft.com/developer/msbuild/2003">
  <ItemGroup>
    <Filter Include="Source Files">
      <UniqueIdentifier>{4FC737F1-C7A5-4376-A066-2A32D752A2FF}</UniqueIdentifier>
      <Extensions>cpp;c;cc;cxx;def;odl;idl;hpj;bat;asm;asmx</Extensions>
    </Filter>
    <Filter Include="Header Files">
      <UniqueIdentifier>{93995380-89BD-4b04-88EB-625FBE52EBFB}</UniqueIdentifier>
      <Extensions>h;hh;hpp;hxx;hm;inl;inc;xsd</Extensions>
    </Filter>
    <Filter Include="Resource Files">
      <UniqueIdentifier>{67DA6AB6-F800-4c08-8B7A-83BB121AAD01}</UniqueIdentifier>
      <Extensions>rc;ico;cur;bmp;dlg;rc2;rct;bin;rgs;gif;jpg;jpeg;jpe;resx;tiff;tif;png;wav;mfcribbon-ms</Extensions>
    </Filter>
    <Filter Include="Header Files\lex">
      <UniqueIdentifier>{33fd13e9-b698-499f-a481-0cdc29244858}</UniqueIdentifier>
    </Filter>
    <Filter Include="Header Files\compiler">
      <UniqueIdentifier>{6642cf0f-d478-4002-95a7-4c58d3866c6a}</UniqueIdentifier>
    </Filter>
    <Filter Include="Header Files\common">
      <UniqueIdentifier>{3f495f08-12b8-4cd3-abb7-18b43853afd4}</UniqueIdentifier>
    </Filter>
    <Filter Include="Header Files\mvm">
      <UniqueIdentifier>{d4ec38a1-b902-40c5-8d50-b7fd65b77933}</UniqueIdentifier>
    </Filter>
    <Filter Include="Header Files\parser">
      <UniqueIdentifier>{f161f4e7-811d-405d-b545-36d8540734b9}</UniqueIdentifier>
    </Filter>
    <Filter Include="Source Files\parser">
      <UniqueIdentifier>{0b1ecdd8-808f-41d8-867a-f7991c18bf75}</UniqueIdentifier>
    </Filter>
    <Filter Include="Source Files\mvm">
      <UniqueIdentifier>{ae464421-47a6-4f83-8db7-125780c96b53}</UniqueIdentifier>
    </Filter>
    <Filter Include="Source Files\common">
      <UniqueIdentifier>{53f46774-9465-4bb5-88be-ec5e05857e98}</UniqueIdentifier>
    </Filter>
    <Filter Include="Source Files\compiler">
      <UniqueIdentifier>{24dab454-377a-4ce8-a8af-6355e19f3471}</UniqueIdentifier>
    </Filter>
    <Filter Include="Source Files\lex">
      <UniqueIdentifier>{dd5d9645-c98f-4e8e-a589-6d3e791e7400}</UniqueIdentifier>
    </Filter>
    <Filter Include="Source Files\memory">
      <UniqueIdentifier>{b35963d5-574a-4c64-9a0b-ba8d99c675a9}</UniqueIdentifier>
    </Filter>
    <Filter Include="Source Files\log">
      <UniqueIdentifier>{ecb342fd-4cb2-4175-bf2f-f0ee976ebf59}</UniqueIdentifier>
    </Filter>
    <Filter Include="Header Files\log">
      <UniqueIdentifier>{cdb1b003-d213-42f9-b018-80d14efdac35}</UniqueIdentifier>
    </Filter>
    <Filter Include="Header Files\memory">
      <UniqueIdentifier>{7554b225-8e95-411c-abde-d2b99dcca558}</UniqueIdentifier>
    </Filter>
    <Filter Include="Header Files\library">
      <UniqueIdentifier>{09211b43-552e-4508-9b57-0162f3a088c6}</UniqueIdentifier>
    </Filter>
    <Filter Include="Source Files\library">
      <UniqueIdentifier>{afd01bfa-4dcd-408f-a100-0bf398ff56d9}</UniqueIdentifier>
    </Filter>
  </ItemGroup>
  <ItemGroup>
    <ClInclude Include="LEX.h">
      <Filter>Header Files\lex</Filter>
    </ClInclude>
    <ClInclude Include="lexical.h">
      <Filter>Header Files\lex</Filter>
    </ClInclude>
    <ClInclude Include="LOG.h">
      <Filter>Header Files\log</Filter>
    </ClInclude>
    <ClInclude Include="constant.h">
      <Filter>Header Files\common</Filter>
    </ClInclude>
    <ClInclude Include="environment.h">
      <Filter>Header Files\common</Filter>
    </ClInclude>
    <ClInclude Include="tool.h">
      <Filter>Header Files\common</Filter>
    </ClInclude>
    <ClInclude Include="ABSYNT.h">
      <Filter>Header Files\parser</Filter>
    </ClInclude>
    <ClInclude Include="absynt_create.h">
      <Filter>Header Files\parser</Filter>
    </ClInclude>
    <ClInclude Include="absynt_print.h">
      <Filter>Header Files\parser</Filter>
    </ClInclude>
    <ClInclude Include="generate_code.h">
      <Filter>Header Files\compiler</Filter>
    </ClInclude>
    <ClInclude Include="semantic_analysis.h">
      <Filter>Header Files\compiler</Filter>
    </ClInclude>
    <ClInclude Include="symbol.h">
      <Filter>Header Files\compiler</Filter>
    </ClInclude>
    <ClInclude Include="list.h">
      <Filter>Header Files\library</Filter>
    </ClInclude>
    <ClInclude Include="red_black_tree.h">
      <Filter>Header Files\library</Filter>
    </ClInclude>
    <ClInclude Include="stack.h">
      <Filter>Header Files\library</Filter>
    </ClInclude>
    <ClInclude Include="memory.h">
      <Filter>Header Files\memory</Filter>
    </ClInclude>
    <ClInclude Include="mvm.h">
      <Filter>Header Files\mvm</Filter>
    </ClInclude>
    <ClInclude Include="mvm_naive_function.h">
      <Filter>Header Files\mvm</Filter>
    </ClInclude>
    <ClInclude Include="literal.h">
      <Filter>Header Files\compiler</Filter>
    </ClInclude>
  </ItemGroup>
  <ItemGroup>
    <ClCompile Include="lexical.c">
      <Filter>Source Files\lex</Filter>
    </ClCompile>
    <ClCompile Include="lexical_test.c">
      <Filter>Source Files\lex</Filter>
    </ClCompile>
    <ClCompile Include="log.c">
      <Filter>Source Files\log</Filter>
    </ClCompile>
    <ClCompile Include="tool.c">
      <Filter>Source Files\common</Filter>
    </ClCompile>
    <ClCompile Include="absynt_create.c">
      <Filter>Source Files\parser</Filter>
    </ClCompile>
    <ClCompile Include="absynt_print.c">
      <Filter>Source Files\parser</Filter>
    </ClCompile>
    <ClCompile Include="absynt_test.c">
      <Filter>Source Files\parser</Filter>
    </ClCompile>
    <ClCompile Include="generate_code.c">
      <Filter>Source Files\compiler</Filter>
    </ClCompile>
    <ClCompile Include="semantic_analysis.c">
      <Filter>Source Files\compiler</Filter>
    </ClCompile>
    <ClCompile Include="symbol.c">
      <Filter>Source Files\compiler</Filter>
    </ClCompile>
    <ClCompile Include="list.c">
      <Filter>Source Files\library</Filter>
    </ClCompile>
    <ClCompile Include="stack.c">
      <Filter>Source Files\library</Filter>
    </ClCompile>
    <ClCompile Include="memory.c">
      <Filter>Source Files\memory</Filter>
    </ClCompile>
    <ClCompile Include="mvm.c">
      <Filter>Source Files\mvm</Filter>
    </ClCompile>
    <ClCompile Include="mvm_naive_function.c">
      <Filter>Source Files\mvm</Filter>
    </ClCompile>
    <ClCompile Include="mvm_test.c">
      <Filter>Source Files\mvm</Filter>
    </ClCompile>
    <ClCompile Include="red_black_tree.c">
      <Filter>Source Files\library</Filter>
    </ClCompile>
    <ClCompile Include="literal.c">
      <Filter>Source Files\compiler</Filter>
    </ClCompile>
  </ItemGroup>
  <ItemGroup>
    <None Include="mc.grammar">
      <Filter>Resource Files</Filter>
    </None>
    <None Include="test.mc">
      <Filter>Resource Files</Filter>
    </None>
    <None Include="test1.mc">
      <Filter>Resource Files</Filter>
    </None>
    <None Include="test2.mc">
      <Filter>Resource Files</Filter>
    </None>
    <None Include="test3.mc">
      <Filter>Resource Files</Filter>
    </None>
    <None Include="function_prototype.mc">
      <Filter>Resource Files</Filter>
    </None>
    <None Include="test4.mc">
      <Filter>Resource Files</Filter>
    </None>
    <None Include="test5.mc">
      <Filter>Resource Files</Filter>
    </None>
  </ItemGroup>
</Project>